# This file was autogenerated by Stack.
# You should not edit this file by hand.
# For more information, please see the documentation at:
#   https://docs.haskellstack.org/en/stable/lock_files

packages: []
snapshots:
- completed:
    sha256: 2b63732cfb5782292320fdba3920b71a2144d1265018f0312cb35b0ce04e78f5
    size: 656849
    url: https://raw.githubusercontent.com/commercialhaskell/stackage-snapshots/master/nightly/2024/8/2.yaml
  original: nightly-2024-08-02
